// !$*UTF8*$!
{
	archiveVersion = 1;
	classes = {
	};
	objectVersion = 51;
	objects = {

/* Begin PBXBuildFile section */
		141AA543A947497FD9236B16 /* Pods_FilmesLista.framework in Frameworks */ = {isa = PBXBuildFile; fileRef = 4C2914BE7C26EAD64BFF3F47 /* Pods_FilmesLista.framework */; };
		1C0484F12613A04C0018526E /* DetalhesFilmesViewController.swift in Sources */ = {isa = PBXBuildFile; fileRef = 1C0484F02613A04C0018526E /* DetalhesFilmesViewController.swift */; };
		1C21A8FE260E7AFC00CB3EB9 /* AppDelegate.swift in Sources */ = {isa = PBXBuildFile; fileRef = 1C21A8FD260E7AFC00CB3EB9 /* AppDelegate.swift */; };
		1C21A900260E7AFD00CB3EB9 /* ViewController.swift in Sources */ = {isa = PBXBuildFile; fileRef = 1C21A8FF260E7AFC00CB3EB9 /* ViewController.swift */; };
		1C21A903260E7AFD00CB3EB9 /* Main.storyboard in Resources */ = {isa = PBXBuildFile; fileRef = 1C21A901260E7AFD00CB3EB9 /* Main.storyboard */; };
		1C21A905260E7AFE00CB3EB9 /* Assets.xcassets in Resources */ = {isa = PBXBuildFile; fileRef = 1C21A904260E7AFE00CB3EB9 /* Assets.xcassets */; };
		1C21A908260E7AFE00CB3EB9 /* LaunchScreen.storyboard in Resources */ = {isa = PBXBuildFile; fileRef = 1C21A906260E7AFE00CB3EB9 /* LaunchScreen.storyboard */; };
		1C21A91A260F6B8200CB3EB9 /* Filme.swift in Sources */ = {isa = PBXBuildFile; fileRef = 1C21A919260F6B8200CB3EB9 /* Filme.swift */; };
		1C634EA12612B4FE0044368B /* PacoteFilmesCollectionViewCell.swift in Sources */ = {isa = PBXBuildFile; fileRef = 1C634EA02612B4FE0044368B /* PacoteFilmesCollectionViewCell.swift */; };
/* End PBXBuildFile section */

/* Begin PBXFileReference section */
		0514BF6B7FD4326AA6CC22C2 /* Pods-FilmesLista.release.xcconfig */ = {isa = PBXFileReference; includeInIndex = 1; lastKnownFileType = text.xcconfig; name = "Pods-FilmesLista.release.xcconfig"; path = "Target Support Files/Pods-FilmesLista/Pods-FilmesLista.release.xcconfig"; sourceTree = "<group>"; };
		1C0484F02613A04C0018526E /* DetalhesFilmesViewController.swift */ = {isa = PBXFileReference; lastKnownFileType = sourcecode.swift; path = DetalhesFilmesViewController.swift; sourceTree = "<group>"; };
		1C21A8FA260E7AFC00CB3EB9 /* FilmesLista.app */ = {isa = PBXFileReference; explicitFileType = wrapper.application; includeInIndex = 0; path = FilmesLista.app; sourceTree = BUILT_PRODUCTS_DIR; };
		1C21A8FD260E7AFC00CB3EB9 /* AppDelegate.swift */ = {isa = PBXFileReference; lastKnownFileType = sourcecode.swift; path = AppDelegate.swift; sourceTree = "<group>"; };
		1C21A8FF260E7AFC00CB3EB9 /* ViewController.swift */ = {isa = PBXFileReference; lastKnownFileType = sourcecode.swift; path = ViewController.swift; sourceTree = "<group>"; };
		1C21A902260E7AFD00CB3EB9 /* Base */ = {isa = PBXFileReference; lastKnownFileType = file.storyboard; name = Base; path = Base.lproj/Main.storyboard; sourceTree = "<group>"; };
		1C21A904260E7AFE00CB3EB9 /* Assets.xcassets */ = {isa = PBXFileReference; lastKnownFileType = folder.assetcatalog; path = Assets.xcassets; sourceTree = "<group>"; };
		1C21A907260E7AFE00CB3EB9 /* Base */ = {isa = PBXFileReference; lastKnownFileType = file.storyboard; name = Base; path = Base.lproj/LaunchScreen.storyboard; sourceTree = "<group>"; };
		1C21A909260E7AFE00CB3EB9 /* Info.plist */ = {isa = PBXFileReference; lastKnownFileType = text.plist.xml; path = Info.plist; sourceTree = "<group>"; };
		1C21A919260F6B8200CB3EB9 /* Filme.swift */ = {isa = PBXFileReference; lastKnownFileType = sourcecode.swift; path = Filme.swift; sourceTree = "<group>"; };
		1C21A91B260F7B4A00CB3EB9 /* MyPlayground.playground */ = {isa = PBXFileReference; lastKnownFileType = file.playground; path = MyPlayground.playground; sourceTree = "<group>"; xcLanguageSpecificationIdentifier = xcode.lang.swift; };
		1C634EA02612B4FE0044368B /* PacoteFilmesCollectionViewCell.swift */ = {isa = PBXFileReference; lastKnownFileType = sourcecode.swift; path = PacoteFilmesCollectionViewCell.swift; sourceTree = "<group>"; };
		4C2914BE7C26EAD64BFF3F47 /* Pods_FilmesLista.framework */ = {isa = PBXFileReference; explicitFileType = wrapper.framework; includeInIndex = 0; path = Pods_FilmesLista.framework; sourceTree = BUILT_PRODUCTS_DIR; };
		BD70C6F271BD12E70A02158B /* Pods-FilmesLista.debug.xcconfig */ = {isa = PBXFileReference; includeInIndex = 1; lastKnownFileType = text.xcconfig; name = "Pods-FilmesLista.debug.xcconfig"; path = "Target Support Files/Pods-FilmesLista/Pods-FilmesLista.debug.xcconfig"; sourceTree = "<group>"; };
/* End PBXFileReference section */

/* Begin PBXFrameworksBuildPhase section */
		1C21A8F7260E7AFC00CB3EB9 /* Frameworks */ = {
			isa = PBXFrameworksBuildPhase;
			buildActionMask = 2147483647;
			files = (
				141AA543A947497FD9236B16 /* Pods_FilmesLista.framework in Frameworks */,
			);
			runOnlyForDeploymentPostprocessing = 0;
		};
/* End PBXFrameworksBuildPhase section */

/* Begin PBXGroup section */
		190058DDEB32DE0E635A8B75 /* Frameworks */ = {
			isa = PBXGroup;
			children = (
				4C2914BE7C26EAD64BFF3F47 /* Pods_FilmesLista.framework */,
			);
			name = Frameworks;
			sourceTree = "<group>";
		};
		1C0484EC26139D780018526E /* Controller */ = {
			isa = PBXGroup;
			children = (
				1C21A8FF260E7AFC00CB3EB9 /* ViewController.swift */,
			);
			path = Controller;
			sourceTree = "<group>";
		};
		1C0484ED26139D990018526E /* View */ = {
			isa = PBXGroup;
			children = (
				1C634EA02612B4FE0044368B /* PacoteFilmesCollectionViewCell.swift */,
			);
			path = View;
			sourceTree = "<group>";
		};
		1C0484EE26139DA60018526E /* Model */ = {
			isa = PBXGroup;
			children = (
				1C21A919260F6B8200CB3EB9 /* Filme.swift */,
			);
			path = Model;
			sourceTree = "<group>";
		};
		1C0484EF26139DC70018526E /* DescricaoDosFilmes */ = {
			isa = PBXGroup;
			children = (
				1C0484F02613A04C0018526E /* DetalhesFilmesViewController.swift */,
			);
			path = DescricaoDosFilmes;
			sourceTree = "<group>";
		};
		1C21A8F1260E7AFC00CB3EB9 = {
			isa = PBXGroup;
			children = (
				1C21A8FC260E7AFC00CB3EB9 /* FilmesLista */,
				1C21A8FB260E7AFC00CB3EB9 /* Products */,
				3715261B309EC115D26148A7 /* Pods */,
				190058DDEB32DE0E635A8B75 /* Frameworks */,
			);
			sourceTree = "<group>";
		};
		1C21A8FB260E7AFC00CB3EB9 /* Products */ = {
			isa = PBXGroup;
			children = (
				1C21A8FA260E7AFC00CB3EB9 /* FilmesLista.app */,
			);
			name = Products;
			sourceTree = "<group>";
		};
		1C21A8FC260E7AFC00CB3EB9 /* FilmesLista */ = {
			isa = PBXGroup;
			children = (
				1C0484EF26139DC70018526E /* DescricaoDosFilmes */,
				1C0484EE26139DA60018526E /* Model */,
				1C0484ED26139D990018526E /* View */,
				1C0484EC26139D780018526E /* Controller */,
				1C21A8FD260E7AFC00CB3EB9 /* AppDelegate.swift */,
				1C21A901260E7AFD00CB3EB9 /* Main.storyboard */,
				1C21A904260E7AFE00CB3EB9 /* Assets.xcassets */,
				1C21A906260E7AFE00CB3EB9 /* LaunchScreen.storyboard */,
				1C21A909260E7AFE00CB3EB9 /* Info.plist */,
				1C21A91B260F7B4A00CB3EB9 /* MyPlayground.playground */,
			);
			path = FilmesLista;
			sourceTree = "<group>";
		};
		3715261B309EC115D26148A7 /* Pods */ = {
			isa = PBXGroup;
			children = (
				BD70C6F271BD12E70A02158B /* Pods-FilmesLista.debug.xcconfig */,
				0514BF6B7FD4326AA6CC22C2 /* Pods-FilmesLista.release.xcconfig */,
			);
			path = Pods;
			sourceTree = "<group>";
		};
/* End PBXGroup section */

/* Begin PBXNativeTarget section */
		1C21A8F9260E7AFC00CB3EB9 /* FilmesLista */ = {
			isa = PBXNativeTarget;
			buildConfigurationList = 1C21A90C260E7AFE00CB3EB9 /* Build configuration list for PBXNativeTarget "FilmesLista" */;
			buildPhases = (
				767E916D0C78E6E6B15DF4EA /* [CP] Check Pods Manifest.lock */,
				1C21A8F6260E7AFC00CB3EB9 /* Sources */,
				1C21A8F7260E7AFC00CB3EB9 /* Frameworks */,
				1C21A8F8260E7AFC00CB3EB9 /* Resources */,
				49A81702E695A8C7C73ED744 /* [CP] Embed Pods Frameworks */,
			);
			buildRules = (
			);
			dependencies = (
			);
			name = FilmesLista;
			productName = FilmesLista;
			productReference = 1C21A8FA260E7AFC00CB3EB9 /* FilmesLista.app */;
			productType = "com.apple.product-type.application";
		};
/* End PBXNativeTarget section */

/* Begin PBXProject section */
		1C21A8F2260E7AFC00CB3EB9 /* Project object */ = {
			isa = PBXProject;
			attributes = {
				LastSwiftUpdateCheck = 1010;
				LastUpgradeCheck = 1010;
				ORGANIZATIONNAME = "Renilson Moreira Ferreira";
				TargetAttributes = {
					1C21A8F9260E7AFC00CB3EB9 = {
						CreatedOnToolsVersion = 10.1;
					};
				};
			};
			buildConfigurationList = 1C21A8F5260E7AFC00CB3EB9 /* Build configuration list for PBXProject "FilmesLista" */;
			compatibilityVersion = "Xcode 9.3";
			developmentRegion = en;
			hasScannedForEncodings = 0;
			knownRegions = (
				en,
				Base,
			);
			mainGroup = 1C21A8F1260E7AFC00CB3EB9;
			productRefGroup = 1C21A8FB260E7AFC00CB3EB9 /* Products */;
			projectDirPath = "";
			projectRoot = "";
			targets = (
				1C21A8F9260E7AFC00CB3EB9 /* FilmesLista */,
			);
		};
/* End PBXProject section */

/* Begin PBXResourcesBuildPhase section */
		1C21A8F8260E7AFC00CB3EB9 /* Resources */ = {
			isa = PBXResourcesBuildPhase;
			buildActionMask = 2147483647;
			files = (
				1C21A908260E7AFE00CB3EB9 /* LaunchScreen.storyboard in Resources */,
				1C21A905260E7AFE00CB3EB9 /* Assets.xcassets in Resources */,
				1C21A903260E7AFD00CB3EB9 /* Main.storyboard in Resources */,
			);
			runOnlyForDeploymentPostprocessing = 0;
		};
/* End PBXResourcesBuildPhase section */

/* Begin PBXShellScriptBuildPhase section */
		49A81702E695A8C7C73ED744 /* [CP] Embed Pods Frameworks */ = {
			isa = PBXShellScriptBuildPhase;
			buildActionMask = 2147483647;
			files = (
			);
			inputFileListPaths = (
				"${PODS_ROOT}/Target Support Files/Pods-FilmesLista/Pods-FilmesLista-frameworks-${CONFIGURATION}-input-files.xcfilelist",
			);
			name = "[CP] Embed Pods Frameworks";
			outputFileListPaths = (
				"${PODS_ROOT}/Target Support Files/Pods-FilmesLista/Pods-FilmesLista-frameworks-${CONFIGURATION}-output-files.xcfilelist",
			);
			runOnlyForDeploymentPostprocessing = 0;
			shellPath = /bin/sh;
			shellScript = "\"${PODS_ROOT}/Target Support Files/Pods-FilmesLista/Pods-FilmesLista-frameworks.sh\"\n";
			showEnvVarsInLog = 0;
		};
		767E916D0C78E6E6B15DF4EA /* [CP] Check Pods Manifest.lock */ = {
			isa = PBXShellScriptBuildPhase;
			buildActionMask = 2147483647;
			files = (
			);
			inputFileListPaths = (
			);
			inputPaths = (
				"${PODS_PODFILE_DIR_PATH}/Podfile.lock",
				"${PODS_ROOT}/Manifest.lock",
			);
			name = "[CP] Check Pods Manifest.lock";
			outputFileListPaths = (
			);
			outputPaths = (
				"$(DERIVED_FILE_DIR)/Pods-FilmesLista-checkManifestLockResult.txt",
			);
			runOnlyForDeploymentPostprocessing = 0;
			shellPath = /bin/sh;
			shellScript = "diff \"${PODS_PODFILE_DIR_PATH}/Podfile.lock\" \"${PODS_ROOT}/Manifest.lock\" > /dev/null\nif [ $? != 0 ] ; then\n    # print error to STDERR\n    echo \"error: The sandbox is not in sync with the Podfile.lock. Run 'pod install' or update your CocoaPods installation.\" >&2\n    exit 1\nfi\n# This output is used by Xcode 'outputs' to avoid re-running this script phase.\necho \"SUCCESS\" > \"${SCRIPT_OUTPUT_FILE_0}\"\n";
			showEnvVarsInLog = 0;
		};
/* End PBXShellScriptBuildPhase section */

/* Begin PBXSourcesBuildPhase section */
		1C21A8F6260E7AFC00CB3EB9 /* Sources */ = {
			isa = PBXSourcesBuildPhase;
			buildActionMask = 2147483647;
			files = (
				1C21A91A260F6B8200CB3EB9 /* Filme.swift in Sources */,
				1C21A900260E7AFD00CB3EB9 /* ViewController.swift in Sources */,
				1C21A8FE260E7AFC00CB3EB9 /* AppDelegate.swift in Sources */,
				1C634EA12612B4FE0044368B /* PacoteFilmesCollectionViewCell.swift in Sources */,
				1C0484F12613A04C0018526E /* DetalhesFilmesViewController.swift in Sources */,
			);
			runOnlyForDeploymentPostprocessing = 0;
		};
/* End PBXSourcesBuildPhase section */

/* Begin PBXVariantGroup section */
		1C21A901260E7AFD00CB3EB9 /* Main.storyboard */ = {
			isa = PBXVariantGroup;
			children = (
				1C21A902260E7AFD00CB3EB9 /* Base */,
			);
			name = Main.storyboard;
			sourceTree = "<group>";
		};
		1C21A906260E7AFE00CB3EB9 /* LaunchScreen.storyboard */ = {
			isa = PBXVariantGroup;
			children = (
				1C21A907260E7AFE00CB3EB9 /* Base */,
			);
			name = LaunchScreen.storyboard;
			sourceTree = "<group>";
		};
/* End PBXVariantGroup section */

/* Begin XCBuildConfiguration section */
		1C21A90A260E7AFE00CB3EB9 /* Debug */ = {
			isa = XCBuildConfiguration;
			buildSettings = {
				ALWAYS_SEARCH_USER_PATHS = NO;
				CLANG_ANALYZER_NONNULL = YES;
				CLANG_ANALYZER_NUMBER_OBJECT_CONVERSION = YES_AGGRESSIVE;
				CLANG_CXX_LANGUAGE_STANDARD = "gnu++14";
				CLANG_CXX_LIBRARY = "libc++";
				CLANG_ENABLE_MODULES = YES;
				CLANG_ENABLE_OBJC_ARC = YES;
				CLANG_ENABLE_OBJC_WEAK = YES;
				CLANG_WARN_BLOCK_CAPTURE_AUTORELEASING = YES;
				CLANG_WARN_BOOL_CONVERSION = YES;
				CLANG_WARN_COMMA = YES;
				CLANG_WARN_CONSTANT_CONVERSION = YES;
				CLANG_WARN_DEPRECATED_OBJC_IMPLEMENTATIONS = YES;
				CLANG_WARN_DIRECT_OBJC_ISA_USAGE = YES_ERROR;
				CLANG_WARN_DOCUMENTATION_COMMENTS = YES;
				CLANG_WARN_EMPTY_BODY = YES;
				CLANG_WARN_ENUM_CONVERSION = YES;
				CLANG_WARN_INFINITE_RECURSION = YES;
				CLANG_WARN_INT_CONVERSION = YES;
				CLANG_WARN_NON_LITERAL_NULL_CONVERSION = YES;
				CLANG_WARN_OBJC_IMPLICIT_RETAIN_SELF = YES;
				CLANG_WARN_OBJC_LITERAL_CONVERSION = YES;
				CLANG_WARN_OBJC_ROOT_CLASS = YES_ERROR;
				CLANG_WARN_RANGE_LOOP_ANALYSIS = YES;
				CLANG_WARN_STRICT_PROTOTYPES = YES;
				CLANG_WARN_SUSPICIOUS_MOVE = YES;
				CLANG_WARN_UNGUARDED_AVAILABILITY = YES_AGGRESSIVE;
				CLANG_WARN_UNREACHABLE_CODE = YES;
				CLANG_WARN__DUPLICATE_METHOD_MATCH = YES;
				CODE_SIGN_IDENTITY = "iPhone Developer";
				COPY_PHASE_STRIP = NO;
				DEBUG_INFORMATION_FORMAT = dwarf;
				ENABLE_STRICT_OBJC_MSGSEND = YES;
				ENABLE_TESTABILITY = YES;
				GCC_C_LANGUAGE_STANDARD = gnu11;
				GCC_DYNAMIC_NO_PIC = NO;
				GCC_NO_COMMON_BLOCKS = YES;
				GCC_OPTIMIZATION_LEVEL = 0;
				GCC_PREPROCESSOR_DEFINITIONS = (
					"DEBUG=1",
					"$(inherited)",
				);
				GCC_WARN_64_TO_32_BIT_CONVERSION = YES;
				GCC_WARN_ABOUT_RETURN_TYPE = YES_ERROR;
				GCC_WARN_UNDECLARED_SELECTOR = YES;
				GCC_WARN_UNINITIALIZED_AUTOS = YES_AGGRESSIVE;
				GCC_WARN_UNUSED_FUNCTION = YES;
				GCC_WARN_UNUSED_VARIABLE = YES;
				IPHONEOS_DEPLOYMENT_TARGET = 12.1;
				MTL_ENABLE_DEBUG_INFO = INCLUDE_SOURCE;
				MTL_FAST_MATH = YES;
				ONLY_ACTIVE_ARCH = YES;
				SDKROOT = iphoneos;
				SWIFT_ACTIVE_COMPILATION_CONDITIONS = DEBUG;
				SWIFT_OPTIMIZATION_LEVEL = "-Onone";
			};
			name = Debug;
		};
		1C21A90B260E7AFE00CB3EB9 /* Release */ = {
			isa = XCBuildConfiguration;
			buildSettings = {
				ALWAYS_SEARCH_USER_PATHS = NO;
				CLANG_ANALYZER_NONNULL = YES;
				CLANG_ANALYZER_NUMBER_OBJECT_CONVERSION = YES_AGGRESSIVE;
				CLANG_CXX_LANGUAGE_STANDARD = "gnu++14";
				CLANG_CXX_LIBRARY = "libc++";
				CLANG_ENABLE_MODULES = YES;
				CLANG_ENABLE_OBJC_ARC = YES;
				CLANG_ENABLE_OBJC_WEAK = YES;
				CLANG_WARN_BLOCK_CAPTURE_AUTORELEASING = YES;
				CLANG_WARN_BOOL_CONVERSION = YES;
				CLANG_WARN_COMMA = YES;
				CLANG_WARN_CONSTANT_CONVERSION = YES;
				CLANG_WARN_DEPRECATED_OBJC_IMPLEMENTATIONS = YES;
				CLANG_WARN_DIRECT_OBJC_ISA_USAGE = YES_ERROR;
				CLANG_WARN_DOCUMENTATION_COMMENTS = YES;
				CLANG_WARN_EMPTY_BODY = YES;
				CLANG_WARN_ENUM_CONVERSION = YES;
				CLANG_WARN_INFINITE_RECURSION = YES;
				CLANG_WARN_INT_CONVERSION = YES;
				CLANG_WARN_NON_LITERAL_NULL_CONVERSION = YES;
				CLANG_WARN_OBJC_IMPLICIT_RETAIN_SELF = YES;
				CLANG_WARN_OBJC_LITERAL_CONVERSION = YES;
				CLANG_WARN_OBJC_ROOT_CLASS = YES_ERROR;
				CLANG_WARN_RANGE_LOOP_ANALYSIS = YES;
				CLANG_WARN_STRICT_PROTOTYPES = YES;
				CLANG_WARN_SUSPICIOUS_MOVE = YES;
				CLANG_WARN_UNGUARDED_AVAILABILITY = YES_AGGRESSIVE;
				CLANG_WARN_UNREACHABLE_CODE = YES;
				CLANG_WARN__DUPLICATE_METHOD_MATCH = YES;
				CODE_SIGN_IDENTITY = "iPhone Developer";
				COPY_PHASE_STRIP = NO;
				DEBUG_INFORMATION_FORMAT = "dwarf-with-dsym";
				ENABLE_NS_ASSERTIONS = NO;
				ENABLE_STRICT_OBJC_MSGSEND = YES;
				GCC_C_LANGUAGE_STANDARD = gnu11;
				GCC_NO_COMMON_BLOCKS = YES;
				GCC_WARN_64_TO_32_BIT_CONVERSION = YES;
				GCC_WARN_ABOUT_RETURN_TYPE = YES_ERROR;
				GCC_WARN_UNDECLARED_SELECTOR = YES;
				GCC_WARN_UNINITIALIZED_AUTOS = YES_AGGRESSIVE;
				GCC_WARN_UNUSED_FUNCTION = YES;
				GCC_WARN_UNUSED_VARIABLE = YES;
				IPHONEOS_DEPLOYMENT_TARGET = 12.1;
				MTL_ENABLE_DEBUG_INFO = NO;
				MTL_FAST_MATH = YES;
				SDKROOT = iphoneos;
				SWIFT_COMPILATION_MODE = wholemodule;
				SWIFT_OPTIMIZATION_LEVEL = "-O";
				VALIDATE_PRODUCT = YES;
			};
			name = Release;
		};
		1C21A90D260E7AFE00CB3EB9 /* Debug */ = {
			isa = XCBuildConfiguration;
			baseConfigurationReference = BD70C6F271BD12E70A02158B /* Pods-FilmesLista.debug.xcconfig */;
			buildSettings = {
				ASSETCATALOG_COMPILER_APPICON_NAME = AppIcon;
				CODE_SIGN_STYLE = Automatic;
				INFOPLIST_FILE = FilmesLista/Info.plist;
				LD_RUNPATH_SEARCH_PATHS = (
					"$(inherited)",
					"@executable_path/Frameworks",
				);
				PRODUCT_BUNDLE_IDENTIFIER = testesRenilson.FilmesLista;
				PRODUCT_NAME = "$(TARGET_NAME)";
				SWIFT_VERSION = 4.2;
				TARGETED_DEVICE_FAMILY = "1,2";
			};
			name = Debug;
		};
		1C21A90E260E7AFE00CB3EB9 /* Release */ = {
			isa = XCBuildConfiguration;
			baseConfigurationReference = 0514BF6B7FD4326AA6CC22C2 /* Pods-FilmesLista.release.xcconfig */;
			buildSettings = {
				ASSETCATALOG_COMPILER_APPICON_NAME = AppIcon;
				CODE_SIGN_STYLE = Automatic;
				INFOPLIST_FILE = FilmesLista/Info.plist;
				LD_RUNPATH_SEARCH_PATHS = (
					"$(inherited)",
					"@executable_path/Frameworks",
				);
				PRODUCT_BUNDLE_IDENTIFIER = testesRenilson.FilmesLista;
				PRODUCT_NAME = "$(TARGET_NAME)";
				SWIFT_VERSION = 4.2;
				TARGETED_DEVICE_FAMILY = "1,2";
			};
			name = Release;
		};
/* End XCBuildConfiguration section */

/* Begin XCConfigurationList section */
		1C21A8F5260E7AFC00CB3EB9 /* Build configuration list for PBXProject "FilmesLista" */ = {
			isa = XCConfigurationList;
			buildConfigurations = (
				1C21A90A260E7AFE00CB3EB9 /* Debug */,
				1C21A90B260E7AFE00CB3EB9 /* Release */,
			);
			defaultConfigurationIsVisible = 0;
			defaultConfigurationName = Release;
		};
		1C21A90C260E7AFE00CB3EB9 /* Build configuration list for PBXNativeTarget "FilmesLista" */ = {
			isa = XCConfigurationList;
			buildConfigurations = (
				1C21A90D260E7AFE00CB3EB9 /* Debug */,
				1C21A90E260E7AFE00CB3EB9 /* Release */,
			);
			defaultConfigurationIsVisible = 0;
			defaultConfigurationName = Release;
		};
/* End XCConfigurationList section */
	};
	rootObject = 1C21A8F2260E7AFC00CB3EB9 /* Project object */;
}
